<?xml version="1.0" encoding="UTF-8" standalone="yes" ?>
<CodeBlocks_project_file>
	<FileVersion major="1" minor="6" />
	<Project>
		<Option title="Submarine" />
		<Option pch_mode="2" />
		<Option compiler="gcc" />
		<Build>
			<Target title="Debug">
				<Option output="bin\Debug\Submarine" prefix_auto="1" extension_auto="1" />
				<Option object_output="obj\Debug\" />
				<Option type="1" />
				<Option compiler="gcc" />
				<Compiler>
					<Add option="-g" />
				</Compiler>
			</Target>
			<Target title="Release">
				<Option output="bin\Release\Submarine" prefix_auto="1" extension_auto="1" />
				<Option object_output="obj\Release\" />
				<Option type="1" />
				<Option compiler="gcc" />
				<Compiler>
					<Add option="-O2" />
				</Compiler>
				<Linker>
					<Add option="-s" />
				</Linker>
			</Target>
		</Build>
		<Compiler>
			<Add option="-Wall" />
			<Add directory="C:\Program Files (x86)\SIEGE\include" />
		</Compiler>
		<Linker>
			<Add library="SIEGE" />
			<Add directory="C:\Program Files (x86)\SIEGE\lib" />
		</Linker>
		<Unit filename="bezier.c">
			<Option compilerVar="CC" />
		</Unit>
		<Unit filename="bezier.h" />
		<Unit filename="common.h" />
		<Unit filename="edge.c">
			<Option compilerVar="CC" />
		</Unit>
		<Unit filename="edge.h" />
		<Unit filename="fsiege.c">
			<Option compilerVar="CC" />
		</Unit>
		<Unit filename="fsiege.h" />
		<Unit filename="gencave.c">
			<Option compilerVar="CC" />
		</Unit>
		<Unit filename="gencave.h" />
		<Unit filename="main.c">
			<Option compilerVar="CC" />
		</Unit>
		<Unit filename="pedge.c">
			<Option compilerVar="CC" />
		</Unit>
		<Unit filename="pedge.h" />
		<Unit filename="ping.c">
			<Option compilerVar="CC" />
		</Unit>
		<Unit filename="ping.h" />
		<Unit filename="sub.c">
			<Option compilerVar="CC" />
		</Unit>
		<Unit filename="sub.h" />
		<Extensions>
			<code_completion />
			<debugger />
		</Extensions>
	</Project>
</CodeBlocks_project_file>
